// !$*UTF8*$!
{
	archiveVersion = 1;
	classes = {
	};
	objectVersion = 48;
	objects = {

/* Begin PBXBuildFile section */
		D455ACD11FA7714200EC9956 /* SlipViewCell.swift in Sources */ = {isa = PBXBuildFile; fileRef = D455ACD01FA7714200EC9956 /* SlipViewCell.swift */; };
		D455ACD31FA771AD00EC9956 /* Interest.swift in Sources */ = {isa = PBXBuildFile; fileRef = D455ACD21FA771AD00EC9956 /* Interest.swift */; };
		D4F58F6E1FA761E900F12590 /* AppDelegate.swift in Sources */ = {isa = PBXBuildFile; fileRef = D4F58F6D1FA761E900F12590 /* AppDelegate.swift */; };
		D4F58F701FA761E900F12590 /* ViewController.swift in Sources */ = {isa = PBXBuildFile; fileRef = D4F58F6F1FA761E900F12590 /* ViewController.swift */; };
		D4F58F731FA761E900F12590 /* Main.storyboard in Resources */ = {isa = PBXBuildFile; fileRef = D4F58F711FA761E900F12590 /* Main.storyboard */; };
		D4F58F751FA761E900F12590 /* Assets.xcassets in Resources */ = {isa = PBXBuildFile; fileRef = D4F58F741FA761E900F12590 /* Assets.xcassets */; };
		D4F58F781FA761E900F12590 /* LaunchScreen.storyboard in Resources */ = {isa = PBXBuildFile; fileRef = D4F58F761FA761E900F12590 /* LaunchScreen.storyboard */; };
		D4F58F831FA761E900F12590 /* CarouselEffect5Tests.swift in Sources */ = {isa = PBXBuildFile; fileRef = D4F58F821FA761E900F12590 /* CarouselEffect5Tests.swift */; };
		D4F58F8E1FA761E900F12590 /* CarouselEffect5UITests.swift in Sources */ = {isa = PBXBuildFile; fileRef = D4F58F8D1FA761E900F12590 /* CarouselEffect5UITests.swift */; };
/* End PBXBuildFile section */

/* Begin PBXContainerItemProxy section */
		D4F58F7F1FA761E900F12590 /* PBXContainerItemProxy */ = {
			isa = PBXContainerItemProxy;
			containerPortal = D4F58F621FA761E900F12590 /* Project object */;
			proxyType = 1;
			remoteGlobalIDString = D4F58F691FA761E900F12590;
			remoteInfo = CarouselEffect5;
		};
		D4F58F8A1FA761E900F12590 /* PBXContainerItemProxy */ = {
			isa = PBXContainerItemProxy;
			containerPortal = D4F58F621FA761E900F12590 /* Project object */;
			proxyType = 1;
			remoteGlobalIDString = D4F58F691FA761E900F12590;
			remoteInfo = CarouselEffect5;
		};
/* End PBXContainerItemProxy section */

/* Begin PBXFileReference section */
		D455ACD01FA7714200EC9956 /* SlipViewCell.swift */ = {isa = PBXFileReference; lastKnownFileType = sourcecode.swift; path = SlipViewCell.swift; sourceTree = "<group>"; };
		D455ACD21FA771AD00EC9956 /* Interest.swift */ = {isa = PBXFileReference; lastKnownFileType = sourcecode.swift; path = Interest.swift; sourceTree = "<group>"; };
		D4F58F6A1FA761E900F12590 /* CarouselEffect5.app */ = {isa = PBXFileReference; explicitFileType = wrapper.application; includeInIndex = 0; path = CarouselEffect5.app; sourceTree = BUILT_PRODUCTS_DIR; };
		D4F58F6D1FA761E900F12590 /* AppDelegate.swift */ = {isa = PBXFileReference; lastKnownFileType = sourcecode.swift; path = AppDelegate.swift; sourceTree = "<group>"; };
		D4F58F6F1FA761E900F12590 /* ViewController.swift */ = {isa = PBXFileReference; lastKnownFileType = sourcecode.swift; path = ViewController.swift; sourceTree = "<group>"; };
		D4F58F721FA761E900F12590 /* Base */ = {isa = PBXFileReference; lastKnownFileType = file.storyboard; name = Base; path = Base.lproj/Main.storyboard; sourceTree = "<group>"; };
		D4F58F741FA761E900F12590 /* Assets.xcassets */ = {isa = PBXFileReference; lastKnownFileType = folder.assetcatalog; path = Assets.xcassets; sourceTree = "<group>"; };
		D4F58F771FA761E900F12590 /* Base */ = {isa = PBXFileReference; lastKnownFileType = file.storyboard; name = Base; path = Base.lproj/LaunchScreen.storyboard; sourceTree = "<group>"; };
		D4F58F791FA761E900F12590 /* Info.plist */ = {isa = PBXFileReference; lastKnownFileType = text.plist.xml; path = Info.plist; sourceTree = "<group>"; };
		D4F58F7E1FA761E900F12590 /* CarouselEffect5Tests.xctest */ = {isa = PBXFileReference; explicitFileType = wrapper.cfbundle; includeInIndex = 0; path = CarouselEffect5Tests.xctest; sourceTree = BUILT_PRODUCTS_DIR; };
		D4F58F821FA761E900F12590 /* CarouselEffect5Tests.swift */ = {isa = PBXFileReference; lastKnownFileType = sourcecode.swift; path = CarouselEffect5Tests.swift; sourceTree = "<group>"; };
		D4F58F841FA761E900F12590 /* Info.plist */ = {isa = PBXFileReference; lastKnownFileType = text.plist.xml; path = Info.plist; sourceTree = "<group>"; };
		D4F58F891FA761E900F12590 /* CarouselEffect5UITests.xctest */ = {isa = PBXFileReference; explicitFileType = wrapper.cfbundle; includeInIndex = 0; path = CarouselEffect5UITests.xctest; sourceTree = BUILT_PRODUCTS_DIR; };
		D4F58F8D1FA761E900F12590 /* CarouselEffect5UITests.swift */ = {isa = PBXFileReference; lastKnownFileType = sourcecode.swift; path = CarouselEffect5UITests.swift; sourceTree = "<group>"; };
		D4F58F8F1FA761E900F12590 /* Info.plist */ = {isa = PBXFileReference; lastKnownFileType = text.plist.xml; path = Info.plist; sourceTree = "<group>"; };
/* End PBXFileReference section */

/* Begin PBXFrameworksBuildPhase section */
		D4F58F671FA761E900F12590 /* Frameworks */ = {
			isa = PBXFrameworksBuildPhase;
			buildActionMask = 2147483647;
			files = (
			);
			runOnlyForDeploymentPostprocessing = 0;
		};
		D4F58F7B1FA761E900F12590 /* Frameworks */ = {
			isa = PBXFrameworksBuildPhase;
			buildActionMask = 2147483647;
			files = (
			);
			runOnlyForDeploymentPostprocessing = 0;
		};
		D4F58F861FA761E900F12590 /* Frameworks */ = {
			isa = PBXFrameworksBuildPhase;
			buildActionMask = 2147483647;
			files = (
			);
			runOnlyForDeploymentPostprocessing = 0;
		};
/* End PBXFrameworksBuildPhase section */

/* Begin PBXGroup section */
		D4F58F611FA761E900F12590 = {
			isa = PBXGroup;
			children = (
				D4F58F6C1FA761E900F12590 /* CarouselEffect5 */,
				D4F58F811FA761E900F12590 /* CarouselEffect5Tests */,
				D4F58F8C1FA761E900F12590 /* CarouselEffect5UITests */,
				D4F58F6B1FA761E900F12590 /* Products */,
			);
			sourceTree = "<group>";
		};
		D4F58F6B1FA761E900F12590 /* Products */ = {
			isa = PBXGroup;
			children = (
				D4F58F6A1FA761E900F12590 /* CarouselEffect5.app */,
				D4F58F7E1FA761E900F12590 /* CarouselEffect5Tests.xctest */,
				D4F58F891FA761E900F12590 /* CarouselEffect5UITests.xctest */,
			);
			name = Products;
			sourceTree = "<group>";
		};
		D4F58F6C1FA761E900F12590 /* CarouselEffect5 */ = {
			isa = PBXGroup;
			children = (
				D4F58F6D1FA761E900F12590 /* AppDelegate.swift */,
				D4F58F6F1FA761E900F12590 /* ViewController.swift */,
				D4F58F711FA761E900F12590 /* Main.storyboard */,
				D455ACD01FA7714200EC9956 /* SlipViewCell.swift */,
				D455ACD21FA771AD00EC9956 /* Interest.swift */,
				D4F58F741FA761E900F12590 /* Assets.xcassets */,
				D4F58F761FA761E900F12590 /* LaunchScreen.storyboard */,
				D4F58F791FA761E900F12590 /* Info.plist */,
			);
			path = CarouselEffect5;
			sourceTree = "<group>";
		};
		D4F58F811FA761E900F12590 /* CarouselEffect5Tests */ = {
			isa = PBXGroup;
			children = (
				D4F58F821FA761E900F12590 /* CarouselEffect5Tests.swift */,
				D4F58F841FA761E900F12590 /* Info.plist */,
			);
			path = CarouselEffect5Tests;
			sourceTree = "<group>";
		};
		D4F58F8C1FA761E900F12590 /* CarouselEffect5UITests */ = {
			isa = PBXGroup;
			children = (
				D4F58F8D1FA761E900F12590 /* CarouselEffect5UITests.swift */,
				D4F58F8F1FA761E900F12590 /* Info.plist */,
			);
			path = CarouselEffect5UITests;
			sourceTree = "<group>";
		};
/* End PBXGroup section */

/* Begin PBXNativeTarget section */
		D4F58F691FA761E900F12590 /* CarouselEffect5 */ = {
			isa = PBXNativeTarget;
			buildConfigurationList = D4F58F921FA761E900F12590 /* Build configuration list for PBXNativeTarget "CarouselEffect5" */;
			buildPhases = (
				D4F58F661FA761E900F12590 /* Sources */,
				D4F58F671FA761E900F12590 /* Frameworks */,
				D4F58F681FA761E900F12590 /* Resources */,
			);
			buildRules = (
			);
			dependencies = (
			);
			name = CarouselEffect5;
			productName = CarouselEffect5;
			productReference = D4F58F6A1FA761E900F12590 /* CarouselEffect5.app */;
			productType = "com.apple.product-type.application";
		};
		D4F58F7D1FA761E900F12590 /* CarouselEffect5Tests */ = {
			isa = PBXNativeTarget;
			buildConfigurationList = D4F58F951FA761E900F12590 /* Build configuration list for PBXNativeTarget "CarouselEffect5Tests" */;
			buildPhases = (
				D4F58F7A1FA761E900F12590 /* Sources */,
				D4F58F7B1FA761E900F12590 /* Frameworks */,
				D4F58F7C1FA761E900F12590 /* Resources */,
			);
			buildRules = (
			);
			dependencies = (
				D4F58F801FA761E900F12590 /* PBXTargetDependency */,
			);
			name = CarouselEffect5Tests;
			productName = CarouselEffect5Tests;
			productReference = D4F58F7E1FA761E900F12590 /* CarouselEffect5Tests.xctest */;
			productType = "com.apple.product-type.bundle.unit-test";
		};
		D4F58F881FA761E900F12590 /* CarouselEffect5UITests */ = {
			isa = PBXNativeTarget;
			buildConfigurationList = D4F58F981FA761E900F12590 /* Build configuration list for PBXNativeTarget "CarouselEffect5UITests" */;
			buildPhases = (
				D4F58F851FA761E900F12590 /* Sources */,
				D4F58F861FA761E900F12590 /* Frameworks */,
				D4F58F871FA761E900F12590 /* Resources */,
			);
			buildRules = (
			);
			dependencies = (
				D4F58F8B1FA761E900F12590 /* PBXTargetDependency */,
			);
			name = CarouselEffect5UITests;
			productName = CarouselEffect5UITests;
			productReference = D4F58F891FA761E900F12590 /* CarouselEffect5UITests.xctest */;
			productType = "com.apple.product-type.bundle.ui-testing";
		};
/* End PBXNativeTarget section */

/* Begin PBXProject section */
		D4F58F621FA761E900F12590 /* Project object */ = {
			isa = PBXProject;
			attributes = {
				LastSwiftUpdateCheck = 0900;
				LastUpgradeCheck = 0900;
				ORGANIZATIONNAME = "谢非";
				TargetAttributes = {
					D4F58F691FA761E900F12590 = {
						CreatedOnToolsVersion = 9.0.1;
						ProvisioningStyle = Automatic;
					};
					D4F58F7D1FA761E900F12590 = {
						CreatedOnToolsVersion = 9.0.1;
						ProvisioningStyle = Automatic;
						TestTargetID = D4F58F691FA761E900F12590;
					};
					D4F58F881FA761E900F12590 = {
						CreatedOnToolsVersion = 9.0.1;
						ProvisioningStyle = Automatic;
						TestTargetID = D4F58F691FA761E900F12590;
					};
				};
			};
			buildConfigurationList = D4F58F651FA761E900F12590 /* Build configuration list for PBXProject "CarouselEffect5" */;
			compatibilityVersion = "Xcode 8.0";
			developmentRegion = en;
			hasScannedForEncodings = 0;
			knownRegions = (
				en,
				Base,
			);
			mainGroup = D4F58F611FA761E900F12590;
			productRefGroup = D4F58F6B1FA761E900F12590 /* Products */;
			projectDirPath = "";
			projectRoot = "";
			targets = (
				D4F58F691FA761E900F12590 /* CarouselEffect5 */,
				D4F58F7D1FA761E900F12590 /* CarouselEffect5Tests */,
				D4F58F881FA761E900F12590 /* CarouselEffect5UITests */,
			);
		};
/* End PBXProject section */

/* Begin PBXResourcesBuildPhase section */
		D4F58F681FA761E900F12590 /* Resources */ = {
			isa = PBXResourcesBuildPhase;
			buildActionMask = 2147483647;
			files = (
				D4F58F781FA761E900F12590 /* LaunchScreen.storyboard in Resources */,
				D4F58F751FA761E900F12590 /* Assets.xcassets in Resources */,
				D4F58F731FA761E900F12590 /* Main.storyboard in Resources */,
			);
			runOnlyForDeploymentPostprocessing = 0;
		};
		D4F58F7C1FA761E900F12590 /* Resources */ = {
			isa = PBXResourcesBuildPhase;
			buildActionMask = 2147483647;
			files = (
			);
			runOnlyForDeploymentPostprocessing = 0;
		};
		D4F58F871FA761E900F12590 /* Resources */ = {
			isa = PBXResourcesBuildPhase;
			buildActionMask = 2147483647;
			files = (
			);
			runOnlyForDeploymentPostprocessing = 0;
		};
/* End PBXResourcesBuildPhase section */

/* Begin PBXSourcesBuildPhase section */
		D4F58F661FA761E900F12590 /* Sources */ = {
			isa = PBXSourcesBuildPhase;
			buildActionMask = 2147483647;
			files = (
				D455ACD11FA7714200EC9956 /* SlipViewCell.swift in Sources */,
				D4F58F701FA761E900F12590 /* ViewController.swift in Sources */,
				D4F58F6E1FA761E900F12590 /* AppDelegate.swift in Sources */,
				D455ACD31FA771AD00EC9956 /* Interest.swift in Sources */,
			);
			runOnlyForDeploymentPostprocessing = 0;
		};
		D4F58F7A1FA761E900F12590 /* Sources */ = {
			isa = PBXSourcesBuildPhase;
			buildActionMask = 2147483647;
			files = (
				D4F58F831FA761E900F12590 /* CarouselEffect5Tests.swift in Sources */,
			);
			runOnlyForDeploymentPostprocessing = 0;
		};
		D4F58F851FA761E900F12590 /* Sources */ = {
			isa = PBXSourcesBuildPhase;
			buildActionMask = 2147483647;
			files = (
				D4F58F8E1FA761E900F12590 /* CarouselEffect5UITests.swift in Sources */,
			);
			runOnlyForDeploymentPostprocessing = 0;
		};
/* End PBXSourcesBuildPhase section */

/* Begin PBXTargetDependency section */
		D4F58F801FA761E900F12590 /* PBXTargetDependency */ = {
			isa = PBXTargetDependency;
			target = D4F58F691FA761E900F12590 /* CarouselEffect5 */;
			targetProxy = D4F58F7F1FA761E900F12590 /* PBXContainerItemProxy */;
		};
		D4F58F8B1FA761E900F12590 /* PBXTargetDependency */ = {
			isa = PBXTargetDependency;
			target = D4F58F691FA761E900F12590 /* CarouselEffect5 */;
			targetProxy = D4F58F8A1FA761E900F12590 /* PBXContainerItemProxy */;
		};
/* End PBXTargetDependency section */

/* Begin PBXVariantGroup section */
		D4F58F711FA761E900F12590 /* Main.storyboard */ = {
			isa = PBXVariantGroup;
			children = (
				D4F58F721FA761E900F12590 /* Base */,
			);
			name = Main.storyboard;
			sourceTree = "<group>";
		};
		D4F58F761FA761E900F12590 /* LaunchScreen.storyboard */ = {
			isa = PBXVariantGroup;
			children = (
				D4F58F771FA761E900F12590 /* Base */,
			);
			name = LaunchScreen.storyboard;
			sourceTree = "<group>";
		};
/* End PBXVariantGroup section */

/* Begin XCBuildConfiguration section */
		D4F58F901FA761E900F12590 /* Debug */ = {
			isa = XCBuildConfiguration;
			buildSettings = {
				ALWAYS_SEARCH_USER_PATHS = NO;
				CLANG_ANALYZER_NONNULL = YES;
				CLANG_ANALYZER_NUMBER_OBJECT_CONVERSION = YES_AGGRESSIVE;
				CLANG_CXX_LANGUAGE_STANDARD = "gnu++14";
				CLANG_CXX_LIBRARY = "libc++";
				CLANG_ENABLE_MODULES = YES;
				CLANG_ENABLE_OBJC_ARC = YES;
				CLANG_WARN_BLOCK_CAPTURE_AUTORELEASING = YES;
				CLANG_WARN_BOOL_CONVERSION = YES;
				CLANG_WARN_COMMA = YES;
				CLANG_WARN_CONSTANT_CONVERSION = YES;
				CLANG_WARN_DIRECT_OBJC_ISA_USAGE = YES_ERROR;
				CLANG_WARN_DOCUMENTATION_COMMENTS = YES;
				CLANG_WARN_EMPTY_BODY = YES;
				CLANG_WARN_ENUM_CONVERSION = YES;
				CLANG_WARN_INFINITE_RECURSION = YES;
				CLANG_WARN_INT_CONVERSION = YES;
				CLANG_WARN_NON_LITERAL_NULL_CONVERSION = YES;
				CLANG_WARN_OBJC_LITERAL_CONVERSION = YES;
				CLANG_WARN_OBJC_ROOT_CLASS = YES_ERROR;
				CLANG_WARN_RANGE_LOOP_ANALYSIS = YES;
				CLANG_WARN_STRICT_PROTOTYPES = YES;
				CLANG_WARN_SUSPICIOUS_MOVE = YES;
				CLANG_WARN_UNGUARDED_AVAILABILITY = YES_AGGRESSIVE;
				CLANG_WARN_UNREACHABLE_CODE = YES;
				CLANG_WARN__DUPLICATE_METHOD_MATCH = YES;
				CODE_SIGN_IDENTITY = "iPhone Developer";
				COPY_PHASE_STRIP = NO;
				DEBUG_INFORMATION_FORMAT = dwarf;
				ENABLE_STRICT_OBJC_MSGSEND = YES;
				ENABLE_TESTABILITY = YES;
				GCC_C_LANGUAGE_STANDARD = gnu11;
				GCC_DYNAMIC_NO_PIC = NO;
				GCC_NO_COMMON_BLOCKS = YES;
				GCC_OPTIMIZATION_LEVEL = 0;
				GCC_PREPROCESSOR_DEFINITIONS = (
					"DEBUG=1",
					"$(inherited)",
				);
				GCC_WARN_64_TO_32_BIT_CONVERSION = YES;
				GCC_WARN_ABOUT_RETURN_TYPE = YES_ERROR;
				GCC_WARN_UNDECLARED_SELECTOR = YES;
				GCC_WARN_UNINITIALIZED_AUTOS = YES_AGGRESSIVE;
				GCC_WARN_UNUSED_FUNCTION = YES;
				GCC_WARN_UNUSED_VARIABLE = YES;
				IPHONEOS_DEPLOYMENT_TARGET = 11.0;
				MTL_ENABLE_DEBUG_INFO = YES;
				ONLY_ACTIVE_ARCH = YES;
				SDKROOT = iphoneos;
				SWIFT_ACTIVE_COMPILATION_CONDITIONS = DEBUG;
				SWIFT_OPTIMIZATION_LEVEL = "-Onone";
			};
			name = Debug;
		};
		D4F58F911FA761E900F12590 /* Release */ = {
			isa = XCBuildConfiguration;
			buildSettings = {
				ALWAYS_SEARCH_USER_PATHS = NO;
				CLANG_ANALYZER_NONNULL = YES;
				CLANG_ANALYZER_NUMBER_OBJECT_CONVERSION = YES_AGGRESSIVE;
				CLANG_CXX_LANGUAGE_STANDARD = "gnu++14";
				CLANG_CXX_LIBRARY = "libc++";
				CLANG_ENABLE_MODULES = YES;
				CLANG_ENABLE_OBJC_ARC = YES;
				CLANG_WARN_BLOCK_CAPTURE_AUTORELEASING = YES;
				CLANG_WARN_BOOL_CONVERSION = YES;
				CLANG_WARN_COMMA = YES;
				CLANG_WARN_CONSTANT_CONVERSION = YES;
				CLANG_WARN_DIRECT_OBJC_ISA_USAGE = YES_ERROR;
				CLANG_WARN_DOCUMENTATION_COMMENTS = YES;
				CLANG_WARN_EMPTY_BODY = YES;
				CLANG_WARN_ENUM_CONVERSION = YES;
				CLANG_WARN_INFINITE_RECURSION = YES;
				CLANG_WARN_INT_CONVERSION = YES;
				CLANG_WARN_NON_LITERAL_NULL_CONVERSION = YES;
				CLANG_WARN_OBJC_LITERAL_CONVERSION = YES;
				CLANG_WARN_OBJC_ROOT_CLASS = YES_ERROR;
				CLANG_WARN_RANGE_LOOP_ANALYSIS = YES;
				CLANG_WARN_STRICT_PROTOTYPES = YES;
				CLANG_WARN_SUSPICIOUS_MOVE = YES;
				CLANG_WARN_UNGUARDED_AVAILABILITY = YES_AGGRESSIVE;
				CLANG_WARN_UNREACHABLE_CODE = YES;
				CLANG_WARN__DUPLICATE_METHOD_MATCH = YES;
				CODE_SIGN_IDENTITY = "iPhone Developer";
				COPY_PHASE_STRIP = NO;
				DEBUG_INFORMATION_FORMAT = "dwarf-with-dsym";
				ENABLE_NS_ASSERTIONS = NO;
				ENABLE_STRICT_OBJC_MSGSEND = YES;
				GCC_C_LANGUAGE_STANDARD = gnu11;
				GCC_NO_COMMON_BLOCKS = YES;
				GCC_WARN_64_TO_32_BIT_CONVERSION = YES;
				GCC_WARN_ABOUT_RETURN_TYPE = YES_ERROR;
				GCC_WARN_UNDECLARED_SELECTOR = YES;
				GCC_WARN_UNINITIALIZED_AUTOS = YES_AGGRESSIVE;
				GCC_WARN_UNUSED_FUNCTION = YES;
				GCC_WARN_UNUSED_VARIABLE = YES;
				IPHONEOS_DEPLOYMENT_TARGET = 11.0;
				MTL_ENABLE_DEBUG_INFO = NO;
				SDKROOT = iphoneos;
				SWIFT_OPTIMIZATION_LEVEL = "-Owholemodule";
				VALIDATE_PRODUCT = YES;
			};
			name = Release;
		};
		D4F58F931FA761E900F12590 /* Debug */ = {
			isa = XCBuildConfiguration;
			buildSettings = {
				ASSETCATALOG_COMPILER_APPICON_NAME = AppIcon;
				CODE_SIGN_STYLE = Automatic;
				DEVELOPMENT_TEAM = NB8LCYX4W7;
				INFOPLIST_FILE = CarouselEffect5/Info.plist;
				LD_RUNPATH_SEARCH_PATHS = "$(inherited) @executable_path/Frameworks";
				PRODUCT_BUNDLE_IDENTIFIER = io.fullstack.FlappyBird.thief;
				PRODUCT_NAME = "$(TARGET_NAME)";
				SWIFT_VERSION = 4.0;
				TARGETED_DEVICE_FAMILY = "1,2";
			};
			name = Debug;
		};
		D4F58F941FA761E900F12590 /* Release */ = {
			isa = XCBuildConfiguration;
			buildSettings = {
				ASSETCATALOG_COMPILER_APPICON_NAME = AppIcon;
				CODE_SIGN_STYLE = Automatic;
				DEVELOPMENT_TEAM = NB8LCYX4W7;
				INFOPLIST_FILE = CarouselEffect5/Info.plist;
				LD_RUNPATH_SEARCH_PATHS = "$(inherited) @executable_path/Frameworks";
				PRODUCT_BUNDLE_IDENTIFIER = io.fullstack.FlappyBird.thief;
				PRODUCT_NAME = "$(TARGET_NAME)";
				SWIFT_VERSION = 4.0;
				TARGETED_DEVICE_FAMILY = "1,2";
			};
			name = Release;
		};
		D4F58F961FA761E900F12590 /* Debug */ = {
			isa = XCBuildConfiguration;
			buildSettings = {
				ALWAYS_EMBED_SWIFT_STANDARD_LIBRARIES = YES;
				BUNDLE_LOADER = "$(TEST_HOST)";
				CODE_SIGN_STYLE = Automatic;
				DEVELOPMENT_TEAM = NB8LCYX4W7;
				INFOPLIST_FILE = CarouselEffect5Tests/Info.plist;
				LD_RUNPATH_SEARCH_PATHS = "$(inherited) @executable_path/Frameworks @loader_path/Frameworks";
				PRODUCT_BUNDLE_IDENTIFIER = io.fullstack.FlappyBird.thief.CarouselEffect5Tests;
				PRODUCT_NAME = "$(TARGET_NAME)";
				SWIFT_VERSION = 4.0;
				TARGETED_DEVICE_FAMILY = "1,2";
				TEST_HOST = "$(BUILT_PRODUCTS_DIR)/CarouselEffect5.app/CarouselEffect5";
			};
			name = Debug;
		};
		D4F58F971FA761E900F12590 /* Release */ = {
			isa = XCBuildConfiguration;
			buildSettings = {
				ALWAYS_EMBED_SWIFT_STANDARD_LIBRARIES = YES;
				BUNDLE_LOADER = "$(TEST_HOST)";
				CODE_SIGN_STYLE = Automatic;
				DEVELOPMENT_TEAM = NB8LCYX4W7;
				INFOPLIST_FILE = CarouselEffect5Tests/Info.plist;
				LD_RUNPATH_SEARCH_PATHS = "$(inherited) @executable_path/Frameworks @loader_path/Frameworks";
				PRODUCT_BUNDLE_IDENTIFIER = io.fullstack.FlappyBird.thief.CarouselEffect5Tests;
				PRODUCT_NAME = "$(TARGET_NAME)";
				SWIFT_VERSION = 4.0;
				TARGETED_DEVICE_FAMILY = "1,2";
				TEST_HOST = "$(BUILT_PRODUCTS_DIR)/CarouselEffect5.app/CarouselEffect5";
			};
			name = Release;
		};
		D4F58F991FA761E900F12590 /* Debug */ = {
			isa = XCBuildConfiguration;
			buildSettings = {
				ALWAYS_EMBED_SWIFT_STANDARD_LIBRARIES = YES;
				CODE_SIGN_STYLE = Automatic;
				DEVELOPMENT_TEAM = NB8LCYX4W7;
				INFOPLIST_FILE = CarouselEffect5UITests/Info.plist;
				LD_RUNPATH_SEARCH_PATHS = "$(inherited) @executable_path/Frameworks @loader_path/Frameworks";
				PRODUCT_BUNDLE_IDENTIFIER = io.fullstack.FlappyBird.thief.CarouselEffect5UITests;
				PRODUCT_NAME = "$(TARGET_NAME)";
				SWIFT_VERSION = 4.0;
				TARGETED_DEVICE_FAMILY = "1,2";
				TEST_TARGET_NAME = CarouselEffect5;
			};
			name = Debug;
		};
		D4F58F9A1FA761E900F12590 /* Release */ = {
			isa = XCBuildConfiguration;
			buildSettings = {
				ALWAYS_EMBED_SWIFT_STANDARD_LIBRARIES = YES;
				CODE_SIGN_STYLE = Automatic;
				DEVELOPMENT_TEAM = NB8LCYX4W7;
				INFOPLIST_FILE = CarouselEffect5UITests/Info.plist;
				LD_RUNPATH_SEARCH_PATHS = "$(inherited) @executable_path/Frameworks @loader_path/Frameworks";
				PRODUCT_BUNDLE_IDENTIFIER = io.fullstack.FlappyBird.thief.CarouselEffect5UITests;
				PRODUCT_NAME = "$(TARGET_NAME)";
				SWIFT_VERSION = 4.0;
				TARGETED_DEVICE_FAMILY = "1,2";
				TEST_TARGET_NAME = CarouselEffect5;
			};
			name = Release;
		};
/* End XCBuildConfiguration section */

/* Begin XCConfigurationList section */
		D4F58F651FA761E900F12590 /* Build configuration list for PBXProject "CarouselEffect5" */ = {
			isa = XCConfigurationList;
			buildConfigurations = (
				D4F58F901FA761E900F12590 /* Debug */,
				D4F58F911FA761E900F12590 /* Release */,
			);
			defaultConfigurationIsVisible = 0;
			defaultConfigurationName = Release;
		};
		D4F58F921FA761E900F12590 /* Build configuration list for PBXNativeTarget "CarouselEffect5" */ = {
			isa = XCConfigurationList;
			buildConfigurations = (
				D4F58F931FA761E900F12590 /* Debug */,
				D4F58F941FA761E900F12590 /* Release */,
			);
			defaultConfigurationIsVisible = 0;
			defaultConfigurationName = Release;
		};
		D4F58F951FA761E900F12590 /* Build configuration list for PBXNativeTarget "CarouselEffect5Tests" */ = {
			isa = XCConfigurationList;
			buildConfigurations = (
				D4F58F961FA761E900F12590 /* Debug */,
				D4F58F971FA761E900F12590 /* Release */,
			);
			defaultConfigurationIsVisible = 0;
			defaultConfigurationName = Release;
		};
		D4F58F981FA761E900F12590 /* Build configuration list for PBXNativeTarget "CarouselEffect5UITests" */ = {
			isa = XCConfigurationList;
			buildConfigurations = (
				D4F58F991FA761E900F12590 /* Debug */,
				D4F58F9A1FA761E900F12590 /* Release */,
			);
			defaultConfigurationIsVisible = 0;
			defaultConfigurationName = Release;
		};
/* End XCConfigurationList section */
	};
	rootObject = D4F58F621FA761E900F12590 /* Project object */;
}
