// !$*UTF8*$!
{
	archiveVersion = 1;
	classes = {
	};
	objectVersion = 48;
	objects = {

/* Begin PBXBuildFile section */
		D47D43381FA815F500CFD951 /* AppDelegate.swift in Sources */ = {isa = PBXBuildFile; fileRef = D47D43371FA815F500CFD951 /* AppDelegate.swift */; };
		D47D433A1FA815F500CFD951 /* ViewController.swift in Sources */ = {isa = PBXBuildFile; fileRef = D47D43391FA815F500CFD951 /* ViewController.swift */; };
		D47D433D1FA815F500CFD951 /* Main.storyboard in Resources */ = {isa = PBXBuildFile; fileRef = D47D433B1FA815F500CFD951 /* Main.storyboard */; };
		D47D433F1FA815F500CFD951 /* Assets.xcassets in Resources */ = {isa = PBXBuildFile; fileRef = D47D433E1FA815F500CFD951 /* Assets.xcassets */; };
		D47D43421FA815F500CFD951 /* LaunchScreen.storyboard in Resources */ = {isa = PBXBuildFile; fileRef = D47D43401FA815F500CFD951 /* LaunchScreen.storyboard */; };
		D47D434D1FA815F500CFD951 /* FindMyLocation6Tests.swift in Sources */ = {isa = PBXBuildFile; fileRef = D47D434C1FA815F500CFD951 /* FindMyLocation6Tests.swift */; };
		D47D43581FA815F500CFD951 /* FindMyLocation6UITests.swift in Sources */ = {isa = PBXBuildFile; fileRef = D47D43571FA815F500CFD951 /* FindMyLocation6UITests.swift */; };
/* End PBXBuildFile section */

/* Begin PBXContainerItemProxy section */
		D47D43491FA815F500CFD951 /* PBXContainerItemProxy */ = {
			isa = PBXContainerItemProxy;
			containerPortal = D47D432C1FA815F500CFD951 /* Project object */;
			proxyType = 1;
			remoteGlobalIDString = D47D43331FA815F500CFD951;
			remoteInfo = FindMyLocation6;
		};
		D47D43541FA815F500CFD951 /* PBXContainerItemProxy */ = {
			isa = PBXContainerItemProxy;
			containerPortal = D47D432C1FA815F500CFD951 /* Project object */;
			proxyType = 1;
			remoteGlobalIDString = D47D43331FA815F500CFD951;
			remoteInfo = FindMyLocation6;
		};
/* End PBXContainerItemProxy section */

/* Begin PBXFileReference section */
		D47D43341FA815F500CFD951 /* FindMyLocation6.app */ = {isa = PBXFileReference; explicitFileType = wrapper.application; includeInIndex = 0; path = FindMyLocation6.app; sourceTree = BUILT_PRODUCTS_DIR; };
		D47D43371FA815F500CFD951 /* AppDelegate.swift */ = {isa = PBXFileReference; lastKnownFileType = sourcecode.swift; path = AppDelegate.swift; sourceTree = "<group>"; };
		D47D43391FA815F500CFD951 /* ViewController.swift */ = {isa = PBXFileReference; lastKnownFileType = sourcecode.swift; path = ViewController.swift; sourceTree = "<group>"; };
		D47D433C1FA815F500CFD951 /* Base */ = {isa = PBXFileReference; lastKnownFileType = file.storyboard; name = Base; path = Base.lproj/Main.storyboard; sourceTree = "<group>"; };
		D47D433E1FA815F500CFD951 /* Assets.xcassets */ = {isa = PBXFileReference; lastKnownFileType = folder.assetcatalog; path = Assets.xcassets; sourceTree = "<group>"; };
		D47D43411FA815F500CFD951 /* Base */ = {isa = PBXFileReference; lastKnownFileType = file.storyboard; name = Base; path = Base.lproj/LaunchScreen.storyboard; sourceTree = "<group>"; };
		D47D43431FA815F500CFD951 /* Info.plist */ = {isa = PBXFileReference; lastKnownFileType = text.plist.xml; path = Info.plist; sourceTree = "<group>"; };
		D47D43481FA815F500CFD951 /* FindMyLocation6Tests.xctest */ = {isa = PBXFileReference; explicitFileType = wrapper.cfbundle; includeInIndex = 0; path = FindMyLocation6Tests.xctest; sourceTree = BUILT_PRODUCTS_DIR; };
		D47D434C1FA815F500CFD951 /* FindMyLocation6Tests.swift */ = {isa = PBXFileReference; lastKnownFileType = sourcecode.swift; path = FindMyLocation6Tests.swift; sourceTree = "<group>"; };
		D47D434E1FA815F500CFD951 /* Info.plist */ = {isa = PBXFileReference; lastKnownFileType = text.plist.xml; path = Info.plist; sourceTree = "<group>"; };
		D47D43531FA815F500CFD951 /* FindMyLocation6UITests.xctest */ = {isa = PBXFileReference; explicitFileType = wrapper.cfbundle; includeInIndex = 0; path = FindMyLocation6UITests.xctest; sourceTree = BUILT_PRODUCTS_DIR; };
		D47D43571FA815F500CFD951 /* FindMyLocation6UITests.swift */ = {isa = PBXFileReference; lastKnownFileType = sourcecode.swift; path = FindMyLocation6UITests.swift; sourceTree = "<group>"; };
		D47D43591FA815F500CFD951 /* Info.plist */ = {isa = PBXFileReference; lastKnownFileType = text.plist.xml; path = Info.plist; sourceTree = "<group>"; };
		D47D43661FA81C4F00CFD951 /* CoreLocation.framework */ = {isa = PBXFileReference; lastKnownFileType = wrapper.framework; name = CoreLocation.framework; path = System/Library/Frameworks/CoreLocation.framework; sourceTree = SDKROOT; };
/* End PBXFileReference section */

/* Begin PBXFrameworksBuildPhase section */
		D47D43311FA815F500CFD951 /* Frameworks */ = {
			isa = PBXFrameworksBuildPhase;
			buildActionMask = 2147483647;
			files = (
			);
			runOnlyForDeploymentPostprocessing = 0;
		};
		D47D43451FA815F500CFD951 /* Frameworks */ = {
			isa = PBXFrameworksBuildPhase;
			buildActionMask = 2147483647;
			files = (
			);
			runOnlyForDeploymentPostprocessing = 0;
		};
		D47D43501FA815F500CFD951 /* Frameworks */ = {
			isa = PBXFrameworksBuildPhase;
			buildActionMask = 2147483647;
			files = (
			);
			runOnlyForDeploymentPostprocessing = 0;
		};
/* End PBXFrameworksBuildPhase section */

/* Begin PBXGroup section */
		D47D432B1FA815F500CFD951 = {
			isa = PBXGroup;
			children = (
				D47D43361FA815F500CFD951 /* FindMyLocation6 */,
				D47D434B1FA815F500CFD951 /* FindMyLocation6Tests */,
				D47D43561FA815F500CFD951 /* FindMyLocation6UITests */,
				D47D43351FA815F500CFD951 /* Products */,
				D47D43651FA81C4F00CFD951 /* Frameworks */,
			);
			sourceTree = "<group>";
		};
		D47D43351FA815F500CFD951 /* Products */ = {
			isa = PBXGroup;
			children = (
				D47D43341FA815F500CFD951 /* FindMyLocation6.app */,
				D47D43481FA815F500CFD951 /* FindMyLocation6Tests.xctest */,
				D47D43531FA815F500CFD951 /* FindMyLocation6UITests.xctest */,
			);
			name = Products;
			sourceTree = "<group>";
		};
		D47D43361FA815F500CFD951 /* FindMyLocation6 */ = {
			isa = PBXGroup;
			children = (
				D47D43371FA815F500CFD951 /* AppDelegate.swift */,
				D47D43391FA815F500CFD951 /* ViewController.swift */,
				D47D433B1FA815F500CFD951 /* Main.storyboard */,
				D47D433E1FA815F500CFD951 /* Assets.xcassets */,
				D47D43401FA815F500CFD951 /* LaunchScreen.storyboard */,
				D47D43431FA815F500CFD951 /* Info.plist */,
			);
			path = FindMyLocation6;
			sourceTree = "<group>";
		};
		D47D434B1FA815F500CFD951 /* FindMyLocation6Tests */ = {
			isa = PBXGroup;
			children = (
				D47D434C1FA815F500CFD951 /* FindMyLocation6Tests.swift */,
				D47D434E1FA815F500CFD951 /* Info.plist */,
			);
			path = FindMyLocation6Tests;
			sourceTree = "<group>";
		};
		D47D43561FA815F500CFD951 /* FindMyLocation6UITests */ = {
			isa = PBXGroup;
			children = (
				D47D43571FA815F500CFD951 /* FindMyLocation6UITests.swift */,
				D47D43591FA815F500CFD951 /* Info.plist */,
			);
			path = FindMyLocation6UITests;
			sourceTree = "<group>";
		};
		D47D43651FA81C4F00CFD951 /* Frameworks */ = {
			isa = PBXGroup;
			children = (
				D47D43661FA81C4F00CFD951 /* CoreLocation.framework */,
			);
			name = Frameworks;
			sourceTree = "<group>";
		};
/* End PBXGroup section */

/* Begin PBXNativeTarget section */
		D47D43331FA815F500CFD951 /* FindMyLocation6 */ = {
			isa = PBXNativeTarget;
			buildConfigurationList = D47D435C1FA815F500CFD951 /* Build configuration list for PBXNativeTarget "FindMyLocation6" */;
			buildPhases = (
				D47D43301FA815F500CFD951 /* Sources */,
				D47D43311FA815F500CFD951 /* Frameworks */,
				D47D43321FA815F500CFD951 /* Resources */,
			);
			buildRules = (
			);
			dependencies = (
			);
			name = FindMyLocation6;
			productName = FindMyLocation6;
			productReference = D47D43341FA815F500CFD951 /* FindMyLocation6.app */;
			productType = "com.apple.product-type.application";
		};
		D47D43471FA815F500CFD951 /* FindMyLocation6Tests */ = {
			isa = PBXNativeTarget;
			buildConfigurationList = D47D435F1FA815F500CFD951 /* Build configuration list for PBXNativeTarget "FindMyLocation6Tests" */;
			buildPhases = (
				D47D43441FA815F500CFD951 /* Sources */,
				D47D43451FA815F500CFD951 /* Frameworks */,
				D47D43461FA815F500CFD951 /* Resources */,
			);
			buildRules = (
			);
			dependencies = (
				D47D434A1FA815F500CFD951 /* PBXTargetDependency */,
			);
			name = FindMyLocation6Tests;
			productName = FindMyLocation6Tests;
			productReference = D47D43481FA815F500CFD951 /* FindMyLocation6Tests.xctest */;
			productType = "com.apple.product-type.bundle.unit-test";
		};
		D47D43521FA815F500CFD951 /* FindMyLocation6UITests */ = {
			isa = PBXNativeTarget;
			buildConfigurationList = D47D43621FA815F500CFD951 /* Build configuration list for PBXNativeTarget "FindMyLocation6UITests" */;
			buildPhases = (
				D47D434F1FA815F500CFD951 /* Sources */,
				D47D43501FA815F500CFD951 /* Frameworks */,
				D47D43511FA815F500CFD951 /* Resources */,
			);
			buildRules = (
			);
			dependencies = (
				D47D43551FA815F500CFD951 /* PBXTargetDependency */,
			);
			name = FindMyLocation6UITests;
			productName = FindMyLocation6UITests;
			productReference = D47D43531FA815F500CFD951 /* FindMyLocation6UITests.xctest */;
			productType = "com.apple.product-type.bundle.ui-testing";
		};
/* End PBXNativeTarget section */

/* Begin PBXProject section */
		D47D432C1FA815F500CFD951 /* Project object */ = {
			isa = PBXProject;
			attributes = {
				LastSwiftUpdateCheck = 0900;
				LastUpgradeCheck = 0900;
				ORGANIZATIONNAME = "谢非";
				TargetAttributes = {
					D47D43331FA815F500CFD951 = {
						CreatedOnToolsVersion = 9.0.1;
						ProvisioningStyle = Automatic;
					};
					D47D43471FA815F500CFD951 = {
						CreatedOnToolsVersion = 9.0.1;
						ProvisioningStyle = Automatic;
						TestTargetID = D47D43331FA815F500CFD951;
					};
					D47D43521FA815F500CFD951 = {
						CreatedOnToolsVersion = 9.0.1;
						ProvisioningStyle = Automatic;
						TestTargetID = D47D43331FA815F500CFD951;
					};
				};
			};
			buildConfigurationList = D47D432F1FA815F500CFD951 /* Build configuration list for PBXProject "FindMyLocation6" */;
			compatibilityVersion = "Xcode 8.0";
			developmentRegion = en;
			hasScannedForEncodings = 0;
			knownRegions = (
				en,
				Base,
			);
			mainGroup = D47D432B1FA815F500CFD951;
			productRefGroup = D47D43351FA815F500CFD951 /* Products */;
			projectDirPath = "";
			projectRoot = "";
			targets = (
				D47D43331FA815F500CFD951 /* FindMyLocation6 */,
				D47D43471FA815F500CFD951 /* FindMyLocation6Tests */,
				D47D43521FA815F500CFD951 /* FindMyLocation6UITests */,
			);
		};
/* End PBXProject section */

/* Begin PBXResourcesBuildPhase section */
		D47D43321FA815F500CFD951 /* Resources */ = {
			isa = PBXResourcesBuildPhase;
			buildActionMask = 2147483647;
			files = (
				D47D43421FA815F500CFD951 /* LaunchScreen.storyboard in Resources */,
				D47D433F1FA815F500CFD951 /* Assets.xcassets in Resources */,
				D47D433D1FA815F500CFD951 /* Main.storyboard in Resources */,
			);
			runOnlyForDeploymentPostprocessing = 0;
		};
		D47D43461FA815F500CFD951 /* Resources */ = {
			isa = PBXResourcesBuildPhase;
			buildActionMask = 2147483647;
			files = (
			);
			runOnlyForDeploymentPostprocessing = 0;
		};
		D47D43511FA815F500CFD951 /* Resources */ = {
			isa = PBXResourcesBuildPhase;
			buildActionMask = 2147483647;
			files = (
			);
			runOnlyForDeploymentPostprocessing = 0;
		};
/* End PBXResourcesBuildPhase section */

/* Begin PBXSourcesBuildPhase section */
		D47D43301FA815F500CFD951 /* Sources */ = {
			isa = PBXSourcesBuildPhase;
			buildActionMask = 2147483647;
			files = (
				D47D433A1FA815F500CFD951 /* ViewController.swift in Sources */,
				D47D43381FA815F500CFD951 /* AppDelegate.swift in Sources */,
			);
			runOnlyForDeploymentPostprocessing = 0;
		};
		D47D43441FA815F500CFD951 /* Sources */ = {
			isa = PBXSourcesBuildPhase;
			buildActionMask = 2147483647;
			files = (
				D47D434D1FA815F500CFD951 /* FindMyLocation6Tests.swift in Sources */,
			);
			runOnlyForDeploymentPostprocessing = 0;
		};
		D47D434F1FA815F500CFD951 /* Sources */ = {
			isa = PBXSourcesBuildPhase;
			buildActionMask = 2147483647;
			files = (
				D47D43581FA815F500CFD951 /* FindMyLocation6UITests.swift in Sources */,
			);
			runOnlyForDeploymentPostprocessing = 0;
		};
/* End PBXSourcesBuildPhase section */

/* Begin PBXTargetDependency section */
		D47D434A1FA815F500CFD951 /* PBXTargetDependency */ = {
			isa = PBXTargetDependency;
			target = D47D43331FA815F500CFD951 /* FindMyLocation6 */;
			targetProxy = D47D43491FA815F500CFD951 /* PBXContainerItemProxy */;
		};
		D47D43551FA815F500CFD951 /* PBXTargetDependency */ = {
			isa = PBXTargetDependency;
			target = D47D43331FA815F500CFD951 /* FindMyLocation6 */;
			targetProxy = D47D43541FA815F500CFD951 /* PBXContainerItemProxy */;
		};
/* End PBXTargetDependency section */

/* Begin PBXVariantGroup section */
		D47D433B1FA815F500CFD951 /* Main.storyboard */ = {
			isa = PBXVariantGroup;
			children = (
				D47D433C1FA815F500CFD951 /* Base */,
			);
			name = Main.storyboard;
			sourceTree = "<group>";
		};
		D47D43401FA815F500CFD951 /* LaunchScreen.storyboard */ = {
			isa = PBXVariantGroup;
			children = (
				D47D43411FA815F500CFD951 /* Base */,
			);
			name = LaunchScreen.storyboard;
			sourceTree = "<group>";
		};
/* End PBXVariantGroup section */

/* Begin XCBuildConfiguration section */
		D47D435A1FA815F500CFD951 /* Debug */ = {
			isa = XCBuildConfiguration;
			buildSettings = {
				ALWAYS_SEARCH_USER_PATHS = NO;
				CLANG_ANALYZER_NONNULL = YES;
				CLANG_ANALYZER_NUMBER_OBJECT_CONVERSION = YES_AGGRESSIVE;
				CLANG_CXX_LANGUAGE_STANDARD = "gnu++14";
				CLANG_CXX_LIBRARY = "libc++";
				CLANG_ENABLE_MODULES = YES;
				CLANG_ENABLE_OBJC_ARC = YES;
				CLANG_WARN_BLOCK_CAPTURE_AUTORELEASING = YES;
				CLANG_WARN_BOOL_CONVERSION = YES;
				CLANG_WARN_COMMA = YES;
				CLANG_WARN_CONSTANT_CONVERSION = YES;
				CLANG_WARN_DIRECT_OBJC_ISA_USAGE = YES_ERROR;
				CLANG_WARN_DOCUMENTATION_COMMENTS = YES;
				CLANG_WARN_EMPTY_BODY = YES;
				CLANG_WARN_ENUM_CONVERSION = YES;
				CLANG_WARN_INFINITE_RECURSION = YES;
				CLANG_WARN_INT_CONVERSION = YES;
				CLANG_WARN_NON_LITERAL_NULL_CONVERSION = YES;
				CLANG_WARN_OBJC_LITERAL_CONVERSION = YES;
				CLANG_WARN_OBJC_ROOT_CLASS = YES_ERROR;
				CLANG_WARN_RANGE_LOOP_ANALYSIS = YES;
				CLANG_WARN_STRICT_PROTOTYPES = YES;
				CLANG_WARN_SUSPICIOUS_MOVE = YES;
				CLANG_WARN_UNGUARDED_AVAILABILITY = YES_AGGRESSIVE;
				CLANG_WARN_UNREACHABLE_CODE = YES;
				CLANG_WARN__DUPLICATE_METHOD_MATCH = YES;
				CODE_SIGN_IDENTITY = "iPhone Developer";
				COPY_PHASE_STRIP = NO;
				DEBUG_INFORMATION_FORMAT = dwarf;
				ENABLE_STRICT_OBJC_MSGSEND = YES;
				ENABLE_TESTABILITY = YES;
				GCC_C_LANGUAGE_STANDARD = gnu11;
				GCC_DYNAMIC_NO_PIC = NO;
				GCC_NO_COMMON_BLOCKS = YES;
				GCC_OPTIMIZATION_LEVEL = 0;
				GCC_PREPROCESSOR_DEFINITIONS = (
					"DEBUG=1",
					"$(inherited)",
				);
				GCC_WARN_64_TO_32_BIT_CONVERSION = YES;
				GCC_WARN_ABOUT_RETURN_TYPE = YES_ERROR;
				GCC_WARN_UNDECLARED_SELECTOR = YES;
				GCC_WARN_UNINITIALIZED_AUTOS = YES_AGGRESSIVE;
				GCC_WARN_UNUSED_FUNCTION = YES;
				GCC_WARN_UNUSED_VARIABLE = YES;
				IPHONEOS_DEPLOYMENT_TARGET = 11.0;
				MTL_ENABLE_DEBUG_INFO = YES;
				ONLY_ACTIVE_ARCH = YES;
				SDKROOT = iphoneos;
				SWIFT_ACTIVE_COMPILATION_CONDITIONS = DEBUG;
				SWIFT_OPTIMIZATION_LEVEL = "-Onone";
			};
			name = Debug;
		};
		D47D435B1FA815F500CFD951 /* Release */ = {
			isa = XCBuildConfiguration;
			buildSettings = {
				ALWAYS_SEARCH_USER_PATHS = NO;
				CLANG_ANALYZER_NONNULL = YES;
				CLANG_ANALYZER_NUMBER_OBJECT_CONVERSION = YES_AGGRESSIVE;
				CLANG_CXX_LANGUAGE_STANDARD = "gnu++14";
				CLANG_CXX_LIBRARY = "libc++";
				CLANG_ENABLE_MODULES = YES;
				CLANG_ENABLE_OBJC_ARC = YES;
				CLANG_WARN_BLOCK_CAPTURE_AUTORELEASING = YES;
				CLANG_WARN_BOOL_CONVERSION = YES;
				CLANG_WARN_COMMA = YES;
				CLANG_WARN_CONSTANT_CONVERSION = YES;
				CLANG_WARN_DIRECT_OBJC_ISA_USAGE = YES_ERROR;
				CLANG_WARN_DOCUMENTATION_COMMENTS = YES;
				CLANG_WARN_EMPTY_BODY = YES;
				CLANG_WARN_ENUM_CONVERSION = YES;
				CLANG_WARN_INFINITE_RECURSION = YES;
				CLANG_WARN_INT_CONVERSION = YES;
				CLANG_WARN_NON_LITERAL_NULL_CONVERSION = YES;
				CLANG_WARN_OBJC_LITERAL_CONVERSION = YES;
				CLANG_WARN_OBJC_ROOT_CLASS = YES_ERROR;
				CLANG_WARN_RANGE_LOOP_ANALYSIS = YES;
				CLANG_WARN_STRICT_PROTOTYPES = YES;
				CLANG_WARN_SUSPICIOUS_MOVE = YES;
				CLANG_WARN_UNGUARDED_AVAILABILITY = YES_AGGRESSIVE;
				CLANG_WARN_UNREACHABLE_CODE = YES;
				CLANG_WARN__DUPLICATE_METHOD_MATCH = YES;
				CODE_SIGN_IDENTITY = "iPhone Developer";
				COPY_PHASE_STRIP = NO;
				DEBUG_INFORMATION_FORMAT = "dwarf-with-dsym";
				ENABLE_NS_ASSERTIONS = NO;
				ENABLE_STRICT_OBJC_MSGSEND = YES;
				GCC_C_LANGUAGE_STANDARD = gnu11;
				GCC_NO_COMMON_BLOCKS = YES;
				GCC_WARN_64_TO_32_BIT_CONVERSION = YES;
				GCC_WARN_ABOUT_RETURN_TYPE = YES_ERROR;
				GCC_WARN_UNDECLARED_SELECTOR = YES;
				GCC_WARN_UNINITIALIZED_AUTOS = YES_AGGRESSIVE;
				GCC_WARN_UNUSED_FUNCTION = YES;
				GCC_WARN_UNUSED_VARIABLE = YES;
				IPHONEOS_DEPLOYMENT_TARGET = 11.0;
				MTL_ENABLE_DEBUG_INFO = NO;
				SDKROOT = iphoneos;
				SWIFT_OPTIMIZATION_LEVEL = "-Owholemodule";
				VALIDATE_PRODUCT = YES;
			};
			name = Release;
		};
		D47D435D1FA815F500CFD951 /* Debug */ = {
			isa = XCBuildConfiguration;
			buildSettings = {
				ASSETCATALOG_COMPILER_APPICON_NAME = AppIcon;
				CODE_SIGN_STYLE = Automatic;
				DEVELOPMENT_TEAM = NB8LCYX4W7;
				INFOPLIST_FILE = FindMyLocation6/Info.plist;
				LD_RUNPATH_SEARCH_PATHS = "$(inherited) @executable_path/Frameworks";
				PRODUCT_BUNDLE_IDENTIFIER = io.fullstack.FlappyBird.thief;
				PRODUCT_NAME = "$(TARGET_NAME)";
				SWIFT_VERSION = 4.0;
				TARGETED_DEVICE_FAMILY = "1,2";
			};
			name = Debug;
		};
		D47D435E1FA815F500CFD951 /* Release */ = {
			isa = XCBuildConfiguration;
			buildSettings = {
				ASSETCATALOG_COMPILER_APPICON_NAME = AppIcon;
				CODE_SIGN_STYLE = Automatic;
				DEVELOPMENT_TEAM = NB8LCYX4W7;
				INFOPLIST_FILE = FindMyLocation6/Info.plist;
				LD_RUNPATH_SEARCH_PATHS = "$(inherited) @executable_path/Frameworks";
				PRODUCT_BUNDLE_IDENTIFIER = io.fullstack.FlappyBird.thief;
				PRODUCT_NAME = "$(TARGET_NAME)";
				SWIFT_VERSION = 4.0;
				TARGETED_DEVICE_FAMILY = "1,2";
			};
			name = Release;
		};
		D47D43601FA815F500CFD951 /* Debug */ = {
			isa = XCBuildConfiguration;
			buildSettings = {
				ALWAYS_EMBED_SWIFT_STANDARD_LIBRARIES = YES;
				BUNDLE_LOADER = "$(TEST_HOST)";
				CODE_SIGN_STYLE = Automatic;
				DEVELOPMENT_TEAM = NB8LCYX4W7;
				INFOPLIST_FILE = FindMyLocation6Tests/Info.plist;
				LD_RUNPATH_SEARCH_PATHS = "$(inherited) @executable_path/Frameworks @loader_path/Frameworks";
				PRODUCT_BUNDLE_IDENTIFIER = io.fullstack.FlappyBird.thief.FindMyLocation6Tests;
				PRODUCT_NAME = "$(TARGET_NAME)";
				SWIFT_VERSION = 4.0;
				TARGETED_DEVICE_FAMILY = "1,2";
				TEST_HOST = "$(BUILT_PRODUCTS_DIR)/FindMyLocation6.app/FindMyLocation6";
			};
			name = Debug;
		};
		D47D43611FA815F500CFD951 /* Release */ = {
			isa = XCBuildConfiguration;
			buildSettings = {
				ALWAYS_EMBED_SWIFT_STANDARD_LIBRARIES = YES;
				BUNDLE_LOADER = "$(TEST_HOST)";
				CODE_SIGN_STYLE = Automatic;
				DEVELOPMENT_TEAM = NB8LCYX4W7;
				INFOPLIST_FILE = FindMyLocation6Tests/Info.plist;
				LD_RUNPATH_SEARCH_PATHS = "$(inherited) @executable_path/Frameworks @loader_path/Frameworks";
				PRODUCT_BUNDLE_IDENTIFIER = io.fullstack.FlappyBird.thief.FindMyLocation6Tests;
				PRODUCT_NAME = "$(TARGET_NAME)";
				SWIFT_VERSION = 4.0;
				TARGETED_DEVICE_FAMILY = "1,2";
				TEST_HOST = "$(BUILT_PRODUCTS_DIR)/FindMyLocation6.app/FindMyLocation6";
			};
			name = Release;
		};
		D47D43631FA815F500CFD951 /* Debug */ = {
			isa = XCBuildConfiguration;
			buildSettings = {
				ALWAYS_EMBED_SWIFT_STANDARD_LIBRARIES = YES;
				CODE_SIGN_STYLE = Automatic;
				DEVELOPMENT_TEAM = NB8LCYX4W7;
				INFOPLIST_FILE = FindMyLocation6UITests/Info.plist;
				LD_RUNPATH_SEARCH_PATHS = "$(inherited) @executable_path/Frameworks @loader_path/Frameworks";
				PRODUCT_BUNDLE_IDENTIFIER = io.fullstack.FlappyBird.thief.FindMyLocation6UITests;
				PRODUCT_NAME = "$(TARGET_NAME)";
				SWIFT_VERSION = 4.0;
				TARGETED_DEVICE_FAMILY = "1,2";
				TEST_TARGET_NAME = FindMyLocation6;
			};
			name = Debug;
		};
		D47D43641FA815F500CFD951 /* Release */ = {
			isa = XCBuildConfiguration;
			buildSettings = {
				ALWAYS_EMBED_SWIFT_STANDARD_LIBRARIES = YES;
				CODE_SIGN_STYLE = Automatic;
				DEVELOPMENT_TEAM = NB8LCYX4W7;
				INFOPLIST_FILE = FindMyLocation6UITests/Info.plist;
				LD_RUNPATH_SEARCH_PATHS = "$(inherited) @executable_path/Frameworks @loader_path/Frameworks";
				PRODUCT_BUNDLE_IDENTIFIER = io.fullstack.FlappyBird.thief.FindMyLocation6UITests;
				PRODUCT_NAME = "$(TARGET_NAME)";
				SWIFT_VERSION = 4.0;
				TARGETED_DEVICE_FAMILY = "1,2";
				TEST_TARGET_NAME = FindMyLocation6;
			};
			name = Release;
		};
/* End XCBuildConfiguration section */

/* Begin XCConfigurationList section */
		D47D432F1FA815F500CFD951 /* Build configuration list for PBXProject "FindMyLocation6" */ = {
			isa = XCConfigurationList;
			buildConfigurations = (
				D47D435A1FA815F500CFD951 /* Debug */,
				D47D435B1FA815F500CFD951 /* Release */,
			);
			defaultConfigurationIsVisible = 0;
			defaultConfigurationName = Release;
		};
		D47D435C1FA815F500CFD951 /* Build configuration list for PBXNativeTarget "FindMyLocation6" */ = {
			isa = XCConfigurationList;
			buildConfigurations = (
				D47D435D1FA815F500CFD951 /* Debug */,
				D47D435E1FA815F500CFD951 /* Release */,
			);
			defaultConfigurationIsVisible = 0;
			defaultConfigurationName = Release;
		};
		D47D435F1FA815F500CFD951 /* Build configuration list for PBXNativeTarget "FindMyLocation6Tests" */ = {
			isa = XCConfigurationList;
			buildConfigurations = (
				D47D43601FA815F500CFD951 /* Debug */,
				D47D43611FA815F500CFD951 /* Release */,
			);
			defaultConfigurationIsVisible = 0;
			defaultConfigurationName = Release;
		};
		D47D43621FA815F500CFD951 /* Build configuration list for PBXNativeTarget "FindMyLocation6UITests" */ = {
			isa = XCConfigurationList;
			buildConfigurations = (
				D47D43631FA815F500CFD951 /* Debug */,
				D47D43641FA815F500CFD951 /* Release */,
			);
			defaultConfigurationIsVisible = 0;
			defaultConfigurationName = Release;
		};
/* End XCConfigurationList section */
	};
	rootObject = D47D432C1FA815F500CFD951 /* Project object */;
}
